payload:
  - DOMAIN-SUFFIX,showip.net
  - DOMAIN-SUFFIX,threema.ch
  - DOMAIN-SUFFIX,signal.org
  - DOMAIN-SUFFIX,simplex.chat
  - DOMAIN-SUFFIX,simplex.im
  - DOMAIN-SUFFIX,adminforge.de
  - DOMAIN-SUFFIX,linkedin.com
  - DOMAIN-SUFFIX,licdn.com
  - DOMAIN-SUFFIX,nnmclub.to
  - DOMAIN-SUFFIX,nnmstatic.win
  - DOMAIN-SUFFIX,filmitorrent.net
  - DOMAIN-SUFFIX,fast-torrent.club
  - DOMAIN-SUFFIX,kinozal.guru
  - DOMAIN-SUFFIX,kinozal.me
  - DOMAIN-SUFFIX,kinozal.tv
  - DOMAIN-SUFFIX,kinozaltv.life
  - DOMAIN-SUFFIX,cnd2exp.online
  - DOMAIN-SUFFIX,torrentgalaxy.to
  - DOMAIN-SUFFIX,rutor.org
  - DOMAIN-SUFFIX,rutor.info
  - DOMAIN-SUFFIX,rutor.is
  - DOMAIN-SUFFIX,cdnbunny.org
  - DOMAIN-SUFFIX,rutracker.org
  - DOMAIN-SUFFIX,rutracker.net
  - DOMAIN-SUFFIX,rutracker.wiki
  - DOMAIN-SUFFIX,rutracker.cc
  - DOMAIN-SUFFIX,selezen.org
  - DOMAIN-SUFFIX,booktracker.org
  - DOMAIN-SUFFIX,riperam.org
  - DOMAIN-SUFFIX,megapeer.vip
  - DOMAIN-SUFFIX,piratbit.top
  - DOMAIN-SUFFIX,thepiratebay.org
  - DOMAIN-SUFFIX,cloudtorrents.com
  - DOMAIN-SUFFIX,bt4gprx.com
  - DOMAIN-SUFFIX,slifki.biz
  - DOMAIN-SUFFIX,pb.wtf
  - DOMAIN-SUFFIX,rustorka.com
  - DOMAIN-SUFFIX,opentrackr.org
  - DOMAIN-SUFFIX,vpnlove.me
  - DOMAIN-SUFFIX,redshieldvpn.com
  - DOMAIN-SUFFIX,psiphon.ca
  - DOMAIN-SUFFIX,vpngate.net
  - DOMAIN-SUFFIX,mullvad.net
  - DOMAIN-SUFFIX,censortracker.org
  - DOMAIN-SUFFIX,prostovpn.org
  - DOMAIN-SUFFIX,vpngen.org
  - DOMAIN-SUFFIX,amnezia.org
  - DOMAIN-SUFFIX,cyberghostvpn.com
  - DOMAIN-SUFFIX,getoutline.org
  - DOMAIN-SUFFIX,vpnpay.io
  - DOMAIN-SUFFIX,protonvpn.com
  - DOMAIN-SUFFIX,surfshark.com
  - DOMAIN-SUFFIX,tiptop-vpn.com
  - DOMAIN-SUFFIX,scryde.ru
  - DOMAIN-SUFFIX,scryde.net
  - DOMAIN-SUFFIX,scryde1.net
  - DOMAIN-SUFFIX,scryde2.net
  - DOMAIN-SUFFIX,scryde3.net
  - DOMAIN-SUFFIX,scryde4.net
  - DOMAIN-SUFFIX,scryde5.net
  - DOMAIN-SUFFIX,scryde6.net
  - DOMAIN-SUFFIX,scryde7.net
  - DOMAIN-SUFFIX,scryde8.net
  - DOMAIN-SUFFIX,scryde9.net
  - DOMAIN-SUFFIX,scryde10.net
  - DOMAIN-SUFFIX,scryde11.net
  - DOMAIN-SUFFIX,scryde12.net
  - DOMAIN-SUFFIX,ruscryde.net
  - DOMAIN-SUFFIX,scryde.io
  - DOMAIN-SUFFIX,scryde.world
  - DOMAIN-SUFFIX,pages.dev
  - DOMAIN-SUFFIX,designify.com
  - DOMAIN-SUFFIX,ntc.party
  - DOMAIN-SUFFIX,dpidetector.org
  - DOMAIN-SUFFIX,notepad-plus-plus.org
  - DOMAIN-SUFFIX,mailo.com
  - DOMAIN-SUFFIX,cock.li
  - DOMAIN-SUFFIX,leafletjs.com
  - DOMAIN-SUFFIX,edu-cisco.org
  - DOMAIN-SUFFIX,hackmd.io
  - DOMAIN-SUFFIX,zbigz.com
  - DOMAIN-SUFFIX,allegro.pl
  - DOMAIN-SUFFIX,goodreads.com
  - DOMAIN-SUFFIX,gr-assets.com
  - DOMAIN-SUFFIX,freedomletters.org
  - DOMAIN-SUFFIX,babook.org
  - DOMAIN-SUFFIX,quora.com
  - DOMAIN-SUFFIX,quora.com.cdn.cloudflare.net
  - DOMAIN-SUFFIX,academy.terrasoft.ua
  - DOMAIN-SUFFIX,saverudata.net
  - DOMAIN-SUFFIX,mail-api.proton.me
  - DOMAIN-SUFFIX,olx.ua
  - DOMAIN-SUFFIX,gamesrepack.com
  - DOMAIN-SUFFIX,opensea.io
  - DOMAIN-SUFFIX,prnt.sc
  - DOMAIN-SUFFIX,knews.kg
  - DOMAIN-SUFFIX,ilook.tv
  - DOMAIN-SUFFIX,iptv.online
  - DOMAIN-SUFFIX,metacritic.com
  - DOMAIN-SUFFIX,okx.com
  - DOMAIN-SUFFIX,te-st.org
  - DOMAIN-SUFFIX,gagadget.com
  - DOMAIN-SUFFIX,kupujemprodajem.com
  - DOMAIN-SUFFIX,neformat.com.ua
  - DOMAIN-SUFFIX,privatekeys.pw
  - DOMAIN-SUFFIX,4freerussia.org
  - DOMAIN-SUFFIX,iichan.hk
  - DOMAIN-SUFFIX,rf.dobrochan.net
  - DOMAIN-SUFFIX,livetv.sx
  - DOMAIN-SUFFIX,annas-archive.org
  - DOMAIN-SUFFIX,malwarebytes.com
  - DOMAIN-SUFFIX,fls.guru
  - DOMAIN-SUFFIX,avira.com
  - DOMAIN-SUFFIX,filmix.ac
  - DOMAIN-SUFFIX,filmix.biz
  - DOMAIN-SUFFIX,gonitro.com
  - DOMAIN-SUFFIX,gofile.io
  - DOMAIN-SUFFIX,everand.com
  - DOMAIN-SUFFIX,infineon.com
  - DOMAIN-SUFFIX,coldfilm.xyz
  - DOMAIN-SUFFIX,squietpc.com
  - DOMAIN-SUFFIX,element14.com
  - DOMAIN-SUFFIX,baginya.org
  - DOMAIN-SUFFIX,linktr.ee
  - DOMAIN-SUFFIX,spreadthesign.com
  - DOMAIN-SUFFIX,simplix.info
  - DOMAIN-SUFFIX,trellix.com
  - DOMAIN-SUFFIX,carnegieendowment.org
  - DOMAIN-SUFFIX,twirpx.com
  - DOMAIN-SUFFIX,capcut.com
  - DOMAIN-SUFFIX,decrypt.day
  - DOMAIN-SUFFIX,amdm.ru
  - DOMAIN-SUFFIX,amx.com
  - DOMAIN-SUFFIX,archiveofourown.org
  - DOMAIN-SUFFIX,wilsoncenter.org
  - DOMAIN-SUFFIX,interactivebrokers.co.uk
  - DOMAIN-SUFFIX,ohmyswift.ru
  - DOMAIN-SUFFIX,sap.com
  - DOMAIN-SUFFIX,ahrefs.com
  - DOMAIN-SUFFIX,zendesk.com
  - DOMAIN-SUFFIX,kinovod.net
  - DOMAIN-SUFFIX,wiki.fextralife.com
  - DOMAIN-SUFFIX,coursera.org
  - DOMAIN-SUFFIX,4pna.com
  - DOMAIN-SUFFIX,skiff.com
  - DOMAIN-SUFFIX,mailfence.com
  - DOMAIN-SUFFIX,swissinfo.ch
  - DOMAIN-SUFFIX,ign.com
  - DOMAIN-SUFFIX,flipboard.com
  - DOMAIN-SUFFIX,digikey.com
  - DOMAIN-SUFFIX,skladchik.com
  - DOMAIN-SUFFIX,lolz.guru
  - DOMAIN-SUFFIX,sklatchiki.ru
  - DOMAIN-SUFFIX,gamedistribution.com
  - DOMAIN-SUFFIX,archive.ph
  - DOMAIN-SUFFIX,vice.com
  - DOMAIN-SUFFIX,hackernoon.com
  - DOMAIN-SUFFIX,visualcapitalist.com
  - DOMAIN-SUFFIX,coinpayments.net
  - DOMAIN-SUFFIX,eggertspiele.de
  - DOMAIN-SUFFIX,coinsbee.com
  - DOMAIN-SUFFIX,btdig.com
  - DOMAIN-SUFFIX,indiehackers.com
  - DOMAIN-SUFFIX,forum.ru-board.com
  - DOMAIN-SUFFIX,kinogo.uk
  - DOMAIN-SUFFIX,liveuamap.com
  - DOMAIN-SUFFIX,deepstatemap.live
  - DOMAIN-SUFFIX,ukr.net
  - DOMAIN-SUFFIX,flibusta.is
  - DOMAIN-SUFFIX,flibusta.net
  - DOMAIN-SUFFIX,flisland.net
  - DOMAIN-SUFFIX,cbilling.vip
  - DOMAIN-SUFFIX,cbilling.eu
  - DOMAIN-SUFFIX,soundcloud.com
  - DOMAIN-SUFFIX,soundcloud.cloud
  - DOMAIN-SUFFIX,sndcdn.com
  - DOMAIN-SUFFIX,linear.app
  - DOMAIN-SUFFIX,7tv.app
  - DOMAIN-SUFFIX,7tv.io
  - DOMAIN-SUFFIX,onlinesim.io
  - DOMAIN-SUFFIX,pimpletv.ru
  - DOMAIN-SUFFIX,f95-zone.to
  - DOMAIN-SUFFIX,proton.me
  - DOMAIN-SUFFIX,ukrtelcdn.net
  - DOMAIN-SUFFIX,render-state.to
  - DOMAIN-SUFFIX,webtoons.com
  - DOMAIN-SUFFIX,aol.com
  - DOMAIN-SUFFIX,as6723.net
  - DOMAIN-SUFFIX,novaline.fm
  - DOMAIN-SUFFIX,trueblackmetalradio.com
  - DOMAIN-SUFFIX,more.fm
  - DOMAIN-SUFFIX,polymarket.com
  - DOMAIN-SUFFIX,5sim.net
  - DOMAIN-SUFFIX,turbobit.net
  - DOMAIN-SUFFIX,nippon.com
  - DOMAIN-SUFFIX,knowyourmeme.com
  - DOMAIN-SUFFIX,kym-cdn.com
  - DOMAIN-SUFFIX,libgen.li
  - DOMAIN-SUFFIX,iedb.org
  - DOMAIN-SUFFIX,rentry.co
  - DOMAIN-SUFFIX,tuta.com
  - DOMAIN-SUFFIX,tuta.io
  - DOMAIN-SUFFIX,temu.com
  - DOMAIN-SUFFIX,nhl.com
  - DOMAIN-SUFFIX,windows10spotlight.com
  - DOMAIN-SUFFIX,rublacklist.net
  - DOMAIN-SUFFIX,mashable.com
  - DOMAIN-SUFFIX,metal-archives.com
  - DOMAIN-SUFFIX,halooglasi.com
  - DOMAIN-SUFFIX,lucid.app
  - DOMAIN-SUFFIX,hdkinoteatr.com
  - DOMAIN-SUFFIX,steamstat.info
  - DOMAIN-SUFFIX,statology.org
  - DOMAIN-SUFFIX,lostfilm.tv
  - DOMAIN-SUFFIX,lostfilmtv2.site
  - DOMAIN-SUFFIX,static.lostfilm.top
  - DOMAIN-SUFFIX,lostfilm.download
  - DOMAIN-SUFFIX,lostfilm.uno
  - DOMAIN-SUFFIX,lostfilm.tw
  - DOMAIN-SUFFIX,insearch.site
  - DOMAIN-SUFFIX,filmix.fm
  - DOMAIN-SUFFIX,filmix.day
  - DOMAIN-SUFFIX,filmix.la
  - DOMAIN-SUFFIX,api.service-kp.com
  - DOMAIN-SUFFIX,kino.pub
  - DOMAIN-SUFFIX,kamatera.com
  - DOMAIN-SUFFIX,hostgator.com
  - DOMAIN-SUFFIX,networksolutions.com
  - DOMAIN-SUFFIX,dreamhost.com
  - DOMAIN-SUFFIX,bluehost.com
  - DOMAIN-SUFFIX,ionos.com
  - DOMAIN-SUFFIX,digitalocean.com
  - DOMAIN-SUFFIX,godaddy.com
  - DOMAIN-SUFFIX,hetzner.com
  - DOMAIN-SUFFIX,bcbits.com
  - DOMAIN-SUFFIX,cub.red
  - DOMAIN-SUFFIX,patreon.com
  - DOMAIN-SUFFIX,patreonusercontent.com
  - DOMAIN-SUFFIX,shiza-project.com
  - DOMAIN-SUFFIX,kinozal.tv
  - DOMAIN-SUFFIX,anidub.com
  - DOMAIN-SUFFIX,10minutemail.com
  - DOMAIN-SUFFIX,abook-club.ru
  - DOMAIN-SUFFIX,depositphotos.com
  - DOMAIN-SUFFIX,deviantart.com
  - DOMAIN-SUFFIX,exler.ru
  - DOMAIN-SUFFIX,forklog.com
  - DOMAIN-SUFFIX,kinogo.ec
  - DOMAIN-SUFFIX,medium.com
  - DOMAIN-SUFFIX,navalny.com
  - DOMAIN-SUFFIX,nih.gov
  - DOMAIN-SUFFIX,omv-extras.org
  - DOMAIN-SUFFIX,seasonvar.ru
  - DOMAIN-SUFFIX,bestchange.ru
  - DOMAIN-SUFFIX,adguard.com
  - DOMAIN-SUFFIX,epidemz.net.co
  - DOMAIN-SUFFIX,chess.com
  - DOMAIN-SUFFIX,chesscomfiles.com
  - DOMAIN-SUFFIX,1337x.to
  - DOMAIN-SUFFIX,forum.netgate.com
  - DOMAIN-SUFFIX,botnadzor.org
  - DOMAIN-SUFFIX,ef.com
  - DOMAIN-SUFFIX,ef.edu
  - DOMAIN-SUFFIX,sci-hub.se
  - DOMAIN-SUFFIX,sci-hub.st
  - DOMAIN-SUFFIX,booth.pm
  - DOMAIN-SUFFIX,booth.pximg.net
  - DOMAIN-SUFFIX,torproject.org
  - DOMAIN-SUFFIX,refactoring.guru
  - DOMAIN-SUFFIX,opensanctions.org
  - DOMAIN-SUFFIX,startpage.com
  - DOMAIN-SUFFIX,searchfloor.org
  - DOMAIN-SUFFIX,le-production.tv
  - DOMAIN-SUFFIX,megapeer.ru
  - DOMAIN-SUFFIX,viber.com
  - DOMAIN-SUFFIX,musixmatch.com
  - DOMAIN-SUFFIX,digash.live
  - DOMAIN-SUFFIX,riseup.net
  - DOMAIN-SUFFIX,supersliv.biz
  - DOMAIN-SUFFIX,boominfo.org
  - DOMAIN-SUFFIX,audiobookbay.lu
  - DOMAIN-SUFFIX,make.com
  - DOMAIN-SUFFIX,elements.envato.com
  - DOMAIN-SUFFIX,apkmirror.com
  - DOMAIN-SUFFIX,mw2.wiki
  - DOMAIN-SUFFIX,lu4.org
  - DOMAIN-SUFFIX,iditelesombase.org
  - DOMAIN-SUFFIX,speedtest.net
  - DOMAIN-SUFFIX,sms-activate.io
  - DOMAIN-SUFFIX,jw.org
  - DOMAIN-SUFFIX,jw-russia.org
  - DOMAIN-SUFFIX,lantern.io
  - DOMAIN-SUFFIX,chub.ai
  - DOMAIN-SUFFIX,itch.io
  - DOMAIN-SUFFIX,unsplash.com
  - DOMAIN-SUFFIX,webmd.com
  - DOMAIN-SUFFIX,restream.io
  - DOMAIN-SUFFIX,startmail.com
  - DOMAIN-SUFFIX,gifyu.com
  - DOMAIN-SUFFIX,modrinth.com
  - DOMAIN-SUFFIX,hdstudio.org
  - DOMAIN-SUFFIX,kinopub.me
  - DOMAIN-SUFFIX,atv4.dnskp.cc
  - DOMAIN-SUFFIX,coldfilm.city
  - DOMAIN-SUFFIX,coldfilm.ink
  - DOMAIN-SUFFIX,croxyproxy.com
  - DOMAIN-SUFFIX,mega.nz
  - DOMAIN-SUFFIX,itch.io
  - DOMAIN-SUFFIX,twin.me
  - DOMAIN-SUFFIX,twinme.com
  - DOMAIN-SUFFIX,twinlife-systems.com
  - DOMAIN-SUFFIX,fastpic.org
  - DOMAIN-SUFFIX,lib.rus.ec
  - DOMAIN-SUFFIX,scrollrevealjs.org
  - DOMAIN-SUFFIX,monolisa.dev
  - DOMAIN-SUFFIX,lingq.com
  - DOMAIN-SUFFIX,primevue.org
  - DOMAIN-SUFFIX,magaz.global
  - DOMAIN-SUFFIX,radiojar.com
  - DOMAIN-SUFFIX,deckbrew.xyz
  - DOMAIN-SUFFIX,musicbrainz.org
  - DOMAIN-SUFFIX,any.do
  - DOMAIN-SUFFIX,kilocode.ai
  - DOMAIN-SUFFIX,kilo.ai
  - DOMAIN-SUFFIX,dub.sh
  - DOMAIN-SUFFIX,git.new
  - DOMAIN-SUFFIX,urlr.me
  - DOMAIN-SUFFIX,codelinaro.org
  - DOMAIN-SUFFIX,thetvdb.com
  - DOMAIN-SUFFIX,tvdevinfo.com
  - DOMAIN-SUFFIX,pixabay.com
  - DOMAIN-SUFFIX,filmix.fan
  - DOMAIN-SUFFIX,dreamina.capcut.com
  - DOMAIN-SUFFIX,sophos.com
  - DOMAIN-SUFFIX,pvpessence.com
  - DOMAIN-SUFFIX,bufferbloat.net
