payload:
  - DOMAIN-SUFFIX,4pda.to
  - DOMAIN-SUFFIX,4pda.ws
  - DOMAIN-SUFFIX,habr.com
  - DOMAIN-SUFFIX,openai.com
  - DOMAIN-SUFFIX,chatgpt.com
  - DOMAIN-SUFFIX,oaistatic.com
  - DOMAIN-SUFFIX,oaiusercontent.com
  - DOMAIN-SUFFIX,chat.com
  - DOMAIN-SUFFIX,ai.com
  - DOMAIN-SUFFIX,chat.openai.com.cdn.cloudflare.net
  - DOMAIN-SUFFIX,production-openaicom-storage.azureedge.net
  - DOMAIN-SUFFIX,x.ai
  - DOMAIN-SUFFIX,grok.com
  - DOMAIN-SUFFIX,notion.so
  - DOMAIN-SUFFIX,notion.com
  - DOMAIN-SUFFIX,notion.new
  - DOMAIN-SUFFIX,notion.site
  - DOMAIN-SUFFIX,notion-static.com
  - DOMAIN-SUFFIX,notion-emojis.s3-us-west-2.amazonaws.com
  - DOMAIN-SUFFIX,code.gist.build
  - DOMAIN-SUFFIX,news.google.com
  - DOMAIN-SUFFIX,suggestqueries.google.com
  - DOMAIN-SUFFIX,lookerstudio.google.com
  - DOMAIN-SUFFIX,proactivebackend-pa.googleapis.com
  - DOMAIN-SUFFIX,intel.com
  - DOMAIN-SUFFIX,intel.de
  - DOMAIN-SUFFIX,intel.nl
  - DOMAIN-SUFFIX,geolocation.onetrust.com
  - DOMAIN-SUFFIX,hashicorp.com
  - DOMAIN-SUFFIX,terraform.io
  - DOMAIN-SUFFIX,vagrantcloud.com
  - DOMAIN-SUFFIX,theaudiodb.com
  - DOMAIN-SUFFIX,themoviedb.org
  - DOMAIN-SUFFIX,tmdb.org
  - DOMAIN-SUFFIX,tmdb.com
  - DOMAIN-SUFFIX,image.tmdb.org
  - DOMAIN-SUFFIX,api.themoviedb.org
  - DOMAIN-SUFFIX,tmdb-image-prod.b-cdn.net
  - DOMAIN-SUFFIX,jetbrains.com
  - DOMAIN-SUFFIX,myjetbrains.com
  - DOMAIN-SUFFIX,jetbrains.space
  - DOMAIN-SUFFIX,api.jetbrains.ai
  - DOMAIN-SUFFIX,youtrack.cloud
  - DOMAIN-SUFFIX,toolbox.app
  - DOMAIN-SUFFIX,supercell.com
  - DOMAIN-SUFFIX,clashofclans.com
  - DOMAIN-SUFFIX,brawlstarsgame.com
  - DOMAIN-SUFFIX,clashroyaleapp.com
  - DOMAIN-SUFFIX,squadbustersgame.com
  - DOMAIN-SUFFIX,haydaygame.com
  - DOMAIN-SUFFIX,copilot.microsoft.com
  - DOMAIN-SUFFIX,designer.microsoft.com
  - DOMAIN-SUFFIX,xsts.auth.xboxlive.com
  - DOMAIN-SUFFIX,salesforce.com
  - DOMAIN-SUFFIX,salesforceiq.com
  - DOMAIN-SUFFIX,force.com
  - DOMAIN-SUFFIX,force-user-content.com
  - DOMAIN-SUFFIX,salesforceliveagent.com
  - DOMAIN-SUFFIX,salesforce-experience.com
  - DOMAIN-SUFFIX,salesforce-hub.com
  - DOMAIN-SUFFIX,salesforce-scrt.com
  - DOMAIN-SUFFIX,salesforce-setup.com
  - DOMAIN-SUFFIX,salesforce-sites.com
  - DOMAIN-SUFFIX,sfdcopens.com
  - DOMAIN-SUFFIX,site.com
  - DOMAIN-SUFFIX,trailblazer.me
  - DOMAIN-SUFFIX,trailhead.com
  - DOMAIN-SUFFIX,fast.com
  - DOMAIN-SUFFIX,netflix.ca
  - DOMAIN-SUFFIX,netflix.com
  - DOMAIN-SUFFIX,netflix.net
  - DOMAIN-SUFFIX,netflixinvestor.com
  - DOMAIN-SUFFIX,netflixtechblog.com
  - DOMAIN-SUFFIX,nflxext.com
  - DOMAIN-SUFFIX,nflximg.com
  - DOMAIN-SUFFIX,nflximg.net
  - DOMAIN-SUFFIX,nflxsearch.net
  - DOMAIN-SUFFIX,nflxso.net
  - DOMAIN-SUFFIX,nflxvideo.net
  - DOMAIN-SUFFIX,autodesk.com
  - DOMAIN-SUFFIX,cdn.web-platform.io
  - DOMAIN-SUFFIX,assets.heroku.com
  - DOMAIN-SUFFIX,herokucdn.com
  - DOMAIN-SUFFIX,gaming.amazon.com
  - DOMAIN-SUFFIX,primevideo.com
  - DOMAIN-SUFFIX,vmware.com
  - DOMAIN-SUFFIX,download3.omnissa.com
  - DOMAIN-SUFFIX,geforcenow.com
  - DOMAIN-SUFFIX,gfn.am
  - DOMAIN-SUFFIX,developer.nvidia.com
  - DOMAIN-SUFFIX,install.launcher.omniverse.nvidia.com
  - DOMAIN-SUFFIX,canva.dev
  - DOMAIN-SUFFIX,canva.com
  - DOMAIN-SUFFIX,kaleido.ai
  - DOMAIN-SUFFIX,usher.ttvnw.net
  - DOMAIN-SUFFIX,gql.twitch.tv
  - DOMAIN-SUFFIX,parallels.com
  - DOMAIN-SUFFIX,myparallels.com
  - DOMAIN-SUFFIX,parallels.net
  - DOMAIN-SUFFIX,parallels.cn
  - DOMAIN-SUFFIX,parallelsaccess.com
  - DOMAIN-SUFFIX,crunchyroll.com
  - DOMAIN-SUFFIX,v.vrv.co
  - DOMAIN-SUFFIX,vod-fy.crunchyrollcdn.com
  - DOMAIN-SUFFIX,a-vrv.akamaized.net
  - DOMAIN-SUFFIX,paddle.com
  - DOMAIN-SUFFIX,paddlestatus.com
  - DOMAIN-SUFFIX,profitwell.com
  - DOMAIN-SUFFIX,paritydeals.com
  - DOMAIN-SUFFIX,adobe.com
  - DOMAIN-SUFFIX,servarr.com
  - DOMAIN-SUFFIX,nba.com
  - DOMAIN-SUFFIX,lambdalabs.com
  - DOMAIN-SUFFIX,grafana.com
  - DOMAIN-SUFFIX,xtracloud.net
  - DOMAIN-SUFFIX,glpals.com
  - DOMAIN-SUFFIX,gpsonextra.net
  - DOMAIN-SUFFIX,reactflow.dev
  - DOMAIN-SUFFIX,netlify.com
  - DOMAIN-SUFFIX,bell-sw.com
  - DOMAIN-SUFFIX,graylog.org
  - DOMAIN-SUFFIX,spacelift.io
  - DOMAIN-SUFFIX,ibm.com
  - DOMAIN-SUFFIX,swagger.io
  - DOMAIN-SUFFIX,smartbear.co
  - DOMAIN-SUFFIX,snort.org
  - DOMAIN-SUFFIX,redis.io
  - DOMAIN-SUFFIX,redislabs.com
  - DOMAIN-SUFFIX,snyk.io
  - DOMAIN-SUFFIX,pingdom.com
  - DOMAIN-SUFFIX,intuitibits.com
  - DOMAIN-SUFFIX,cpu-monkey.com
  - DOMAIN-SUFFIX,ocstore.com
  - DOMAIN-SUFFIX,itninja.com
  - DOMAIN-SUFFIX,smartdeploy.com
  - DOMAIN-SUFFIX,docs.liquibase.com
  - DOMAIN-SUFFIX,mongodb.com
  - DOMAIN-SUFFIX,ai-chat.bsg.brave.com
  - DOMAIN-SUFFIX,tsmc.com
  - DOMAIN-SUFFIX,ti.com
  - DOMAIN-SUFFIX,mouser.fi
  - DOMAIN-SUFFIX,analog.com
  - DOMAIN-SUFFIX,bestbuy.com
  - DOMAIN-SUFFIX,alza.hu
  - DOMAIN-SUFFIX,kinogo.la
  - DOMAIN-SUFFIX,flir.com
  - DOMAIN-SUFFIX,flir.eu
  - DOMAIN-SUFFIX,claude.ai
  - DOMAIN-SUFFIX,anthropic.com
  - DOMAIN-SUFFIX,newsroom.porsche.com
  - DOMAIN-SUFFIX,att.com
  - DOMAIN-SUFFIX,middlewareinventory.com
  - DOMAIN-SUFFIX,telemetr.io
  - DOMAIN-SUFFIX,amazfitwatchfaces.com
  - DOMAIN-SUFFIX,nitropdf.com
  - DOMAIN-SUFFIX,solarwinds.com
  - DOMAIN-SUFFIX,monoprice.com
  - DOMAIN-SUFFIX,smartbear.com
  - DOMAIN-SUFFIX,disctech.com
  - DOMAIN-SUFFIX,cdw.com
  - DOMAIN-SUFFIX,lidarr.audio
  - DOMAIN-SUFFIX,medicalnewstoday.com
  - DOMAIN-SUFFIX,healthline.com
  - DOMAIN-SUFFIX,shinyhardware.co.uk
  - DOMAIN-SUFFIX,daemon-tools.cc
  - DOMAIN-SUFFIX,buf.build
  - DOMAIN-SUFFIX,jamf.com
  - DOMAIN-SUFFIX,tableau.com
  - DOMAIN-SUFFIX,alphacoders.com
  - DOMAIN-SUFFIX,zedge.net
  - DOMAIN-SUFFIX,cats.com
  - DOMAIN-SUFFIX,ldoceonline.com
  - DOMAIN-SUFFIX,pcgamesn.com
  - DOMAIN-SUFFIX,wikidot.com
  - DOMAIN-SUFFIX,freeimages.com
  - DOMAIN-SUFFIX,pexels.com
  - DOMAIN-SUFFIX,flukenetworks.com
  - DOMAIN-SUFFIX,surveymonkey.com
  - DOMAIN-SUFFIX,f1.com
  - DOMAIN-SUFFIX,formula1.com
  - DOMAIN-SUFFIX,sdxcentral.com
  - DOMAIN-SUFFIX,premierleague.com
  - DOMAIN-SUFFIX,footballapi.pulselive.com
  - DOMAIN-SUFFIX,hotels.com
  - DOMAIN-SUFFIX,plugshare.com
  - DOMAIN-SUFFIX,volkswagen-classic-parts.com
  - DOMAIN-SUFFIX,bitdefender.com
  - DOMAIN-SUFFIX,buymeacoffee.com
  - DOMAIN-SUFFIX,prowlarr.com
  - DOMAIN-SUFFIX,gofundme.com
  - DOMAIN-SUFFIX,buanzo.org
  - DOMAIN-SUFFIX,keysight.com
  - DOMAIN-SUFFIX,nxp.com
  - DOMAIN-SUFFIX,upwork.com
  - DOMAIN-SUFFIX,nike.com
  - DOMAIN-SUFFIX,adidas.com
  - DOMAIN-SUFFIX,abercrombie.com
  - DOMAIN-SUFFIX,hollisterco.com
  - DOMAIN-SUFFIX,onshape.com
  - DOMAIN-SUFFIX,newark.com
  - DOMAIN-SUFFIX,elevenlabs.io
  - DOMAIN-SUFFIX,lifehacker.com
  - DOMAIN-SUFFIX,blinkshot.io
  - DOMAIN-SUFFIX,weebly.com
  - DOMAIN-SUFFIX,credly.com
  - DOMAIN-SUFFIX,hostinger.com
  - DOMAIN-SUFFIX,ngrok.com
  - DOMAIN-SUFFIX,getoutline.com
  - DOMAIN-SUFFIX,sephora.com
  - DOMAIN-SUFFIX,guilded.gg
  - DOMAIN-SUFFIX,shop.gameloft.com
  - DOMAIN-SUFFIX,extremetech.com
  - DOMAIN-SUFFIX,nfl.com
  - DOMAIN-SUFFIX,mixcloud.com
  - DOMAIN-SUFFIX,kmail-lists.com
  - DOMAIN-SUFFIX,neo4j.com
  - DOMAIN-SUFFIX,sora.com
  - DOMAIN-SUFFIX,coingate.com
  - DOMAIN-SUFFIX,global.fncstatic.com
  - DOMAIN-SUFFIX,cvedetails.com
  - DOMAIN-SUFFIX,broncosportforum.com
  - DOMAIN-SUFFIX,lightning.ai
  - DOMAIN-SUFFIX,timberland.de
  - DOMAIN-SUFFIX,framer.com
  - DOMAIN-SUFFIX,squareup.com
  - DOMAIN-SUFFIX,research.net
  - DOMAIN-SUFFIX,htmhell.dev
  - DOMAIN-SUFFIX,carrefouruae.com
  - DOMAIN-SUFFIX,synoforum.com
  - DOMAIN-SUFFIX,wpengine.com
  - DOMAIN-SUFFIX,webnames.ca
  - DOMAIN-SUFFIX,veeam.com
  - DOMAIN-SUFFIX,teamviewer.com
  - DOMAIN-SUFFIX,flourish.studio
  - DOMAIN-SUFFIX,groq.com
  - DOMAIN-SUFFIX,walmart.com
  - DOMAIN-SUFFIX,codeium.com
  - DOMAIN-SUFFIX,digitalcontent.sky
  - DOMAIN-SUFFIX,sky.com
  - DOMAIN-SUFFIX,skycdp.com
  - DOMAIN-SUFFIX,broadcom.com
  - DOMAIN-SUFFIX,bitnami.com
  - DOMAIN-SUFFIX,recraft.ai
  - DOMAIN-SUFFIX,pkgs.tailscale.com
  - DOMAIN-SUFFIX,builds.parsec.app
  - DOMAIN-SUFFIX,public.parsec.app
  - DOMAIN-SUFFIX,pcmag.com
  - DOMAIN-SUFFIX,zapier.com
  - DOMAIN-SUFFIX,ducati.com
  - DOMAIN-SUFFIX,btod.com
  - DOMAIN-SUFFIX,onfastspring.com
  - DOMAIN-SUFFIX,chaos.com
  - DOMAIN-SUFFIX,sketchup.com
  - DOMAIN-SUFFIX,data-cdn.mbamupdates.com
  - DOMAIN-SUFFIX,community.sophos.com
  - DOMAIN-SUFFIX,intelix.sophos.com
  - DOMAIN-SUFFIX,platform.activestate.com
  - DOMAIN-SUFFIX,w.atwiki.jp
  - DOMAIN-SUFFIX,www3.corsair.com
  - DOMAIN-SUFFIX,groupon.com
  - DOMAIN-SUFFIX,qt.io
  - DOMAIN-SUFFIX,strava.com
  - DOMAIN-SUFFIX,watermarkremover.io
  - DOMAIN-SUFFIX,cdromance.org
  - DOMAIN-SUFFIX,singlekey-id.com
  - DOMAIN-SUFFIX,home-connect.com
  - DOMAIN-SUFFIX,omnissa.com
  - DOMAIN-SUFFIX,dell.com
  - DOMAIN-SUFFIX,dellcdn.com
  - DOMAIN-SUFFIX,cisco.com
  - DOMAIN-SUFFIX,fluke.com
  - DOMAIN-SUFFIX,iherb.com
  - DOMAIN-SUFFIX,spotify.com
  - DOMAIN-SUFFIX,widgetapp.stream
  - DOMAIN-SUFFIX,weather.com
  - DOMAIN-SUFFIX,typing.com
  - DOMAIN-SUFFIX,remove.bg
  - DOMAIN-SUFFIX,unscreen.com
  - DOMAIN-SUFFIX,remna.st
  - DOMAIN-SUFFIX,nordvpn.com
  - DOMAIN-SUFFIX,nordaccount.com
  - DOMAIN-SUFFIX,nordcdn.com
  - DOMAIN-SUFFIX,ghostrc.game.idtech.services
  - DOMAIN-SUFFIX,spitfireaudio.com
  - DOMAIN-SUFFIX,uaudio.com
  - DOMAIN-SUFFIX,support.xerox.com
  - DOMAIN-SUFFIX,tutanota.com
  - DOMAIN-SUFFIX,contabo.com
  - DOMAIN-SUFFIX,forum.netgate.com
  - DOMAIN-SUFFIX,talosintelligence.com
  - DOMAIN-SUFFIX,tempmail.plus
  - DOMAIN-SUFFIX,corsair.com
  - DOMAIN-SUFFIX,mattermost.com
  - DOMAIN-SUFFIX,sentry.io
  - DOMAIN-SUFFIX,sentry.dev
  - DOMAIN-SUFFIX,torrenteditor.com
  - DOMAIN-SUFFIX,ntp.msn.com
  - DOMAIN-SUFFIX,oracle.com
  - DOMAIN-SUFFIX,etsy.com
  - DOMAIN-SUFFIX,myheritage.com
  - DOMAIN-SUFFIX,mssg.me
  - DOMAIN-SUFFIX,reve.art
  - DOMAIN-SUFFIX,clip.opus.pro
  - DOMAIN-SUFFIX,capacitorjs.com
  - DOMAIN-SUFFIX,manus.im
  - DOMAIN-SUFFIX,files.manus.cdn
  - DOMAIN-SUFFIX,gpu-monkey.com
  - DOMAIN-SUFFIX,amplitude.com
  - DOMAIN-SUFFIX,clamav.net
  - DOMAIN-SUFFIX,max.com
  - DOMAIN-SUFFIX,disneyplus.com
  - DOMAIN-SUFFIX,hbomax.com
  - DOMAIN-SUFFIX,vyos.io
  - DOMAIN-SUFFIX,watchguard.com
  - DOMAIN-SUFFIX,truthsocial.com
  - DOMAIN-SUFFIX,spiceworks.com
  - DOMAIN-SUFFIX,windsurf.com
  - DOMAIN-SUFFIX,flyertalk.com
  - DOMAIN-SUFFIX,techbargains.com
  - DOMAIN-SUFFIX,bosch.com
  - DOMAIN-SUFFIX,boschautoparts.com
  - DOMAIN-SUFFIX,boschaftermarket.com
  - DOMAIN-SUFFIX,langdock.com
  - DOMAIN-SUFFIX,mailinator.com
  - DOMAIN-SUFFIX,marvelsnap.com
  - DOMAIN-SUFFIX,global.platform.seconddinnertech.com
  - DOMAIN-SUFFIX,fxnetworks.com
  - DOMAIN-SUFFIX,deepl.com
  - DOMAIN-SUFFIX,citrix.com
  - DOMAIN-SUFFIX,cisecurity.org
  - DOMAIN-SUFFIX,home.by.me
  - DOMAIN-SUFFIX,penguinrandomhouse.com
  - DOMAIN-SUFFIX,metopera.org
  - DOMAIN-SUFFIX,penguin.com
  - DOMAIN-SUFFIX,semrush.com
  - DOMAIN-SUFFIX,ikea.com
  - DOMAIN-SUFFIX,filebin.net
  - DOMAIN-SUFFIX,andrevi.ch
  - DOMAIN-SUFFIX,ansys.com
  - DOMAIN-SUFFIX,clickup.com
  - DOMAIN-SUFFIX,mailerlite.com
  - DOMAIN-SUFFIX,hc-ping.com
  - DOMAIN-SUFFIX,hchk.io
  - DOMAIN-SUFFIX,expandrive.com
  - DOMAIN-SUFFIX,editorx.com
  - DOMAIN-SUFFIX,myqrcode.com
  - DOMAIN-SUFFIX,openrouter.ai
  - DOMAIN-SUFFIX,trae.ai
  - DOMAIN-SUFFIX,yeggi.com
  - DOMAIN-SUFFIX,wbgames.com
  - DOMAIN-SUFFIX,openh264.org
  - DOMAIN-SUFFIX,wunderground.com
  - DOMAIN-SUFFIX,intuit.com
  - DOMAIN-SUFFIX,deezer.com
  - DOMAIN-SUFFIX,imgur.com
  - DOMAIN-SUFFIX,app.zerossl.com
  - DOMAIN-SUFFIX,snapgene.com
  - DOMAIN-SUFFIX,miracleptr.wordpress.com
  - DOMAIN-SUFFIX,uizard.io
  - DOMAIN-SUFFIX,grizzlysms.com
  - DOMAIN-SUFFIX,lgthinq.com
  - DOMAIN-SUFFIX,lgeapi.com
  - DOMAIN-SUFFIX,data.cline.bot
  - DOMAIN-SUFFIX,exchanger.bits.media
  - DOMAIN-SUFFIX,tidal.com
  - DOMAIN-SUFFIX,pandasecurity.com
  - DOMAIN-SUFFIX,manybooks.net
  - DOMAIN-SUFFIX,netapp.com
  - DOMAIN-SUFFIX,gamestop.com
  - DOMAIN-SUFFIX,g2a.com
  - DOMAIN-SUFFIX,eneba.com
  - DOMAIN-SUFFIX,genspark.ai
  - DOMAIN-SUFFIX,arc.net
  - DOMAIN-SUFFIX,clevelandclinic.org
  - DOMAIN-SUFFIX,housebrand.com
  - DOMAIN-SUFFIX,devexpress.com
  - DOMAIN-SUFFIX,quicknode.com
  - DOMAIN-SUFFIX,dyson.com
  - DOMAIN-SUFFIX,easydmarc.com
  - DOMAIN-SUFFIX,hume.ai
  - DOMAIN-SUFFIX,hybrid-analysis.com
  - DOMAIN-SUFFIX,posthog.com
  - DOMAIN-SUFFIX,qwant.com
  - DOMAIN-SUFFIX,tria.ge
  - DOMAIN-SUFFIX,akc.org
  - DOMAIN-SUFFIX,aircanada.com
  - DOMAIN-SUFFIX,connect.ngrok-agent.com
  - DOMAIN-SUFFIX,diabrowser.com
  - DOMAIN-SUFFIX,siteground.com
  - DOMAIN-SUFFIX,indeed.com
  - DOMAIN-SUFFIX,sonara.ai
  - DOMAIN-SUFFIX,atlassian.com
  - DOMAIN-SUFFIX,netacad.com
  - DOMAIN-SUFFIX,transferwise.com
  - DOMAIN-SUFFIX,wise.com
  - DOMAIN-SUFFIX,mouser.com
  - DOMAIN-SUFFIX,xiaomi.eu
  - DOMAIN-SUFFIX,arduino.cc
  - DOMAIN-SUFFIX,legalshield.com
  - DOMAIN-SUFFIX,new.abb.com
  - DOMAIN-SUFFIX,swapd.co
  - DOMAIN-SUFFIX,qualcomm.com
  - DOMAIN-SUFFIX,support.anydesk.com
  - DOMAIN-SUFFIX,document360.io
  - DOMAIN-SUFFIX,document360.com
  - DOMAIN-SUFFIX,augmentcode.com
  - DOMAIN-SUFFIX,klarna.com
  - DOMAIN-SUFFIX,mintmobile.com
